
Microsoft Visual Studio Solution File, Format Version 12.00
# Visual Studio Version 17
VisualStudioVersion = 17.0.31903.59
MinimumVisualStudioVersion = 10.0.40219.1
Project("{FAE04EC0-301F-11D3-BF4B-00C04F79EFBC}") = "WiseByteGeoLogger.Core", "src\WiseByteGeoLogger.Core\WiseByteGeoLogger.Core.csproj", "{8FD3374A-647F-42AC-880A-D3DECC29DFD7}"
EndProject
Project("{FAE04EC0-301F-11D3-BF4B-00C04F79EFBC}") = "WiseByteGeoLogger.UI.WinUI", "src\WiseByteGeoLogger.UI.WinUI\WiseByteGeoLogger.UI.WinUI.csproj", "{EF774150-7B29-3A98-69AE-9F81CD6FACC1}"
EndProject
Global
	GlobalSection(SolutionConfigurationPlatforms) = preSolution
		Debug|Any CPU = Debug|Any CPU
		Release|Any CPU = Release|Any CPU
	EndGlobalSection
	GlobalSection(ProjectConfigurationPlatforms) = postSolution
		{8FD3374A-647F-42AC-880A-D3DECC29DFD7}.Debug|Any CPU.ActiveCfg = Debug|Any CPU
		{8FD3374A-647F-42AC-880A-D3DECC29DFD7}.Debug|Any CPU.Build.0 = Debug|Any CPU
		{8FD3374A-647F-42AC-880A-D3DECC29DFD7}.Release|Any CPU.ActiveCfg = Release|Any CPU
		{8FD3374A-647F-42AC-880A-D3DECC29DFD7}.Release|Any CPU.Build.0 = Release|Any CPU
		{EF774150-7B29-3A98-69AE-9F81CD6FACC1}.Debug|Any CPU.ActiveCfg = Debug|x64
		{EF774150-7B29-3A98-69AE-9F81CD6FACC1}.Debug|Any CPU.Build.0 = Debug|x64
		{EF774150-7B29-3A98-69AE-9F81CD6FACC1}.Release|Any CPU.ActiveCfg = Release|x64
		{EF774150-7B29-3A98-69AE-9F81CD6FACC1}.Release|Any CPU.Build.0 = Release|x64
	EndGlobalSection
	GlobalSection(SolutionProperties) = preSolution
		HideSolutionNode = FALSE
	EndGlobalSection
	GlobalSection(ExtensibilityGlobals) = postSolution
		SolutionGuid = {5F49C601-B71B-4ED9-ABA3-3A92D98F5269}
	EndGlobalSection
EndGlobal
